Microsoft Visual Studio Solution File, Format Version 12.00
# Visual Studio Version 17
VisualStudioVersion = 17.5.2.0
MinimumVisualStudioVersion = 10.0.40219.1
Project("{2150E333-8FDC-42A3-9474-1A3956D46DE8}") = "tests", "tests", "{0AB3BF05-4346-4AA6-1389-037BE0695223}"
EndProject
Project("{2150E333-8FDC-42A3-9474-1A3956D46DE8}") = "%TMP_DIR%", "%TMP_DIR%", "{CE180C6C-BBA3-D6A8-D8A8-A0264E975C26}"
EndProject
Project("{2150E333-8FDC-42A3-9474-1A3956D46DE8}") = "fixtures", "fixtures", "{F12727AA-ABEF-07AF-E6F0-CD96E3D9A8AF}"
EndProject
Project("{2150E333-8FDC-42A3-9474-1A3956D46DE8}") = "steps-validator", "steps-validator", "{4585E47B-103E-B312-3BC5-0CA938835A5B}"
EndProject
Project("{2150E333-8FDC-42A3-9474-1A3956D46DE8}") = "csharp", "csharp", "{BF1D3424-74B5-C6CA-5328-0AD234DE1DCD}"
EndProject
Project("{FAE04EC0-301F-11D3-BF4B-00C04F79EFBC}") = "Project", "tests\fixtures\steps-validator\csharp\Project.csproj", "{1C7CBD3B-9B77-ACC2-F622-1A18DFA66D29}"
EndProject
Project("{2150E333-8FDC-42A3-9474-1A3956D46DE8}") = "tests", "tests", "{43286ECA-009A-BAD8-245A-816D8FF46E94}"
EndProject
Project("{2150E333-8FDC-42A3-9474-1A3956D46DE8}") = "fixtures", "fixtures", "{F3A17A62-252E-CFEA-2575-6217615AC1A6}"
EndProject
Project("{2150E333-8FDC-42A3-9474-1A3956D46DE8}") = "steps-validator", "steps-validator", "{DAD33ABD-5C3D-47AF-F6A1-B595DC6D5186}"
EndProject
Project("{2150E333-8FDC-42A3-9474-1A3956D46DE8}") = "csharp", "csharp", "{2823B8A7-2841-256D-9637-D84C259F016A}"
EndProject
Project("{FAE04EC0-301F-11D3-BF4B-00C04F79EFBC}") = "Project", "%TMP_DIR%\tests\fixtures\steps-validator\csharp\Project.csproj", "{11EAF90A-CC72-1E51-0CCA-9831C847EE91}"
EndProject
Global
	GlobalSection(SolutionConfigurationPlatforms) = preSolution
		Debug|Any CPU = Debug|Any CPU
		Release|Any CPU = Release|Any CPU
	EndGlobalSection
	GlobalSection(ProjectConfigurationPlatforms) = postSolution
		{1C7CBD3B-9B77-ACC2-F622-1A18DFA66D29}.Debug|Any CPU.ActiveCfg = Debug|Any CPU
		{1C7CBD3B-9B77-ACC2-F622-1A18DFA66D29}.Debug|Any CPU.Build.0 = Debug|Any CPU
		{1C7CBD3B-9B77-ACC2-F622-1A18DFA66D29}.Release|Any CPU.ActiveCfg = Release|Any CPU
		{1C7CBD3B-9B77-ACC2-F622-1A18DFA66D29}.Release|Any CPU.Build.0 = Release|Any CPU
		{11EAF90A-CC72-1E51-0CCA-9831C847EE91}.Debug|Any CPU.ActiveCfg = Debug|Any CPU
		{11EAF90A-CC72-1E51-0CCA-9831C847EE91}.Debug|Any CPU.Build.0 = Debug|Any CPU
		{11EAF90A-CC72-1E51-0CCA-9831C847EE91}.Release|Any CPU.ActiveCfg = Release|Any CPU
		{11EAF90A-CC72-1E51-0CCA-9831C847EE91}.Release|Any CPU.Build.0 = Release|Any CPU
	EndGlobalSection
	GlobalSection(SolutionProperties) = preSolution
		HideSolutionNode = FALSE
	EndGlobalSection
	GlobalSection(NestedProjects) = preSolution
		{F12727AA-ABEF-07AF-E6F0-CD96E3D9A8AF} = {0AB3BF05-4346-4AA6-1389-037BE0695223}
		{4585E47B-103E-B312-3BC5-0CA938835A5B} = {F12727AA-ABEF-07AF-E6F0-CD96E3D9A8AF}
		{BF1D3424-74B5-C6CA-5328-0AD234DE1DCD} = {4585E47B-103E-B312-3BC5-0CA938835A5B}
		{1C7CBD3B-9B77-ACC2-F622-1A18DFA66D29} = {BF1D3424-74B5-C6CA-5328-0AD234DE1DCD}
		{43286ECA-009A-BAD8-245A-816D8FF46E94} = {CE180C6C-BBA3-D6A8-D8A8-A0264E975C26}
		{F3A17A62-252E-CFEA-2575-6217615AC1A6} = {43286ECA-009A-BAD8-245A-816D8FF46E94}
		{DAD33ABD-5C3D-47AF-F6A1-B595DC6D5186} = {F3A17A62-252E-CFEA-2575-6217615AC1A6}
		{2823B8A7-2841-256D-9637-D84C259F016A} = {DAD33ABD-5C3D-47AF-F6A1-B595DC6D5186}
		{11EAF90A-CC72-1E51-0CCA-9831C847EE91} = {2823B8A7-2841-256D-9637-D84C259F016A}
	EndGlobalSection
	GlobalSection(ExtensibilityGlobals) = postSolution
		SolutionGuid = {622127DD-81ED-4A04-B7F7-A6CE07DBA824}
	EndGlobalSection
EndGlobal
